
Microsoft Visual Studio Solution File, Format Version 12.00
# Visual Studio 14
VisualStudioVersion = 14.0.25123.0
MinimumVisualStudioVersion = 10.0.40219.1
Project("{FAE04EC0-301F-11D3-BF4B-00C04F79EFBC}") = "Calculator", "Calculator\Calculator.csproj", "{09FA4855-A34A-411B-9A14-A68746190BC6}"
EndProject
Project("{FAE04EC0-301F-11D3-BF4B-00C04F79EFBC}") = "StupidCalculatorLib", "StupidCalculatorLib\StupidCalculatorLib\StupidCalculatorLib.csproj", "{87FEC74E-DA9D-45E1-BC6F-D463DE01F2C7}"
EndProject
Project("{FAE04EC0-301F-11D3-BF4B-00C04F79EFBC}") = "TestLib", "StupidCalculatorLib\TestLib\TestLib.csproj", "{B9AA2F1E-3892-4ED5-A5C4-331CA8A10B6B}"
EndProject
Global
	GlobalSection(SolutionConfigurationPlatforms) = preSolution
		Debug|Any CPU = Debug|Any CPU
		Release|Any CPU = Release|Any CPU
	EndGlobalSection
	GlobalSection(ProjectConfigurationPlatforms) = postSolution
		{09FA4855-A34A-411B-9A14-A68746190BC6}.Debug|Any CPU.ActiveCfg = Debug|Any CPU
		{09FA4855-A34A-411B-9A14-A68746190BC6}.Debug|Any CPU.Build.0 = Debug|Any CPU
		{09FA4855-A34A-411B-9A14-A68746190BC6}.Release|Any CPU.ActiveCfg = Release|Any CPU
		{09FA4855-A34A-411B-9A14-A68746190BC6}.Release|Any CPU.Build.0 = Release|Any CPU
		{87FEC74E-DA9D-45E1-BC6F-D463DE01F2C7}.Debug|Any CPU.ActiveCfg = Debug|Any CPU
		{87FEC74E-DA9D-45E1-BC6F-D463DE01F2C7}.Debug|Any CPU.Build.0 = Debug|Any CPU
		{87FEC74E-DA9D-45E1-BC6F-D463DE01F2C7}.Release|Any CPU.ActiveCfg = Release|Any CPU
		{87FEC74E-DA9D-45E1-BC6F-D463DE01F2C7}.Release|Any CPU.Build.0 = Release|Any CPU
		{B9AA2F1E-3892-4ED5-A5C4-331CA8A10B6B}.Debug|Any CPU.ActiveCfg = Debug|Any CPU
		{B9AA2F1E-3892-4ED5-A5C4-331CA8A10B6B}.Debug|Any CPU.Build.0 = Debug|Any CPU
		{B9AA2F1E-3892-4ED5-A5C4-331CA8A10B6B}.Release|Any CPU.ActiveCfg = Release|Any CPU
		{B9AA2F1E-3892-4ED5-A5C4-331CA8A10B6B}.Release|Any CPU.Build.0 = Release|Any CPU
	EndGlobalSection
	GlobalSection(SolutionProperties) = preSolution
		HideSolutionNode = FALSE
	EndGlobalSection
EndGlobal
